
Microsoft Visual Studio Solution File, Format Version 12.00
# Visual Studio Version 17
VisualStudioVersion = 17.0.31903.59
MinimumVisualStudioVersion = 10.0.40219.1
Project("{9A19103F-16F7-4668-BE54-9A1E7A4F7556}") = "IfcLite.Net", "src\IfcLite.Net\IfcLite.Net.csproj", "{3B210F69-9829-4862-8D09-9FE2D1B4501F}"
EndProject
Project("{9A19103F-16F7-4668-BE54-9A1E7A4F7556}") = "IfcLiteImporter.Rhino", "src\IfcLiteImporter.Rhino\IfcLiteImporter.Rhino.csproj", "{249AFA99-C643-43AD-93CC-120AE78FFB9B}"
EndProject
Global
	GlobalSection(SolutionConfigurationPlatforms) = preSolution
		Debug|Any CPU = Debug|Any CPU
		Release|Any CPU = Release|Any CPU
	EndGlobalSection
	GlobalSection(ProjectConfigurationPlatforms) = postSolution
		{3B210F69-9829-4862-8D09-9FE2D1B4501F}.Debug|Any CPU.ActiveCfg = Debug|Any CPU
		{3B210F69-9829-4862-8D09-9FE2D1B4501F}.Debug|Any CPU.Build.0 = Debug|Any CPU
		{3B210F69-9829-4862-8D09-9FE2D1B4501F}.Release|Any CPU.ActiveCfg = Release|Any CPU
		{3B210F69-9829-4862-8D09-9FE2D1B4501F}.Release|Any CPU.Build.0 = Release|Any CPU
		{249AFA99-C643-43AD-93CC-120AE78FFB9B}.Debug|Any CPU.ActiveCfg = Debug|Any CPU
		{249AFA99-C643-43AD-93CC-120AE78FFB9B}.Debug|Any CPU.Build.0 = Debug|Any CPU
		{249AFA99-C643-43AD-93CC-120AE78FFB9B}.Release|Any CPU.ActiveCfg = Release|Any CPU
		{249AFA99-C643-43AD-93CC-120AE78FFB9B}.Release|Any CPU.Build.0 = Release|Any CPU
	EndGlobalSection
	GlobalSection(SolutionProperties) = preSolution
		HideSolutionNode = FALSE
	EndGlobalSection
	GlobalSection(ExtensibilityGlobals) = postSolution
		SolutionGuid = {30330024-7A85-46CD-ACBD-7FF64CA92DF1}
	EndGlobalSection
EndGlobal
